#MicroXplorer Configuration settings - do not modify
File.Version=6
GPIO.groupedBy=Group By Peripherals
I2C1.I2C_Speed_Mode=I2C_Fast
I2C1.IPParameters=I2C_Speed_Mode,Timing
I2C1.Timing=0x0000020B
KeepUserPlacement=false
Mcu.CPN=STM32F051R8T6
Mcu.Family=STM32F0
Mcu.IP0=I2C1
Mcu.IP1=NVIC
Mcu.IP2=RCC
Mcu.IP3=RTC
Mcu.IP4=SYS
Mcu.IPNb=5
Mcu.Name=STM32F051R8Tx
Mcu.Package=LQFP64
Mcu.Pin0=PC14-OSC32_IN
Mcu.Pin1=PC15-OSC32_OUT
Mcu.Pin10=PB7
Mcu.Pin11=VP_RTC_VS_RTC_Activate
Mcu.Pin12=VP_RTC_VS_RTC_Calendar
Mcu.Pin13=VP_RTC_VS_RTC_Alarm_A_Intern
Mcu.Pin14=VP_SYS_VS_Systick
Mcu.Pin2=PF0-OSC_IN
Mcu.Pin3=PF1-OSC_OUT
Mcu.Pin4=PA0
Mcu.Pin5=PC8
Mcu.Pin6=PC9
Mcu.Pin7=PA13
Mcu.Pin8=PA14
Mcu.Pin9=PB6
Mcu.PinsNb=15
Mcu.ThirdPartyNb=0
Mcu.UserConstants=
Mcu.UserName=STM32F051R8Tx
MxCube.Version=6.6.1
MxDb.Version=DB.6.0.60
NVIC.ForceEnableDMAVector=true
NVIC.HardFault_IRQn=true\:0\:0\:false\:false\:true\:false\:false\:false
NVIC.NonMaskableInt_IRQn=true\:0\:0\:false\:false\:true\:false\:false\:false
NVIC.PendSV_IRQn=true\:0\:0\:false\:false\:true\:false\:false\:false
NVIC.RTC_IRQn=true\:0\:0\:false\:false\:true\:true\:true\:true
NVIC.SVC_IRQn=true\:0\:0\:false\:false\:true\:false\:false\:true
NVIC.SysTick_IRQn=true\:0\:0\:false\:false\:true\:true\:true\:false
PA0.GPIOParameters=GPIO_Label,GPIO_ModeDefaultEXTI
PA0.GPIO_Label=B1 [Blue PushButton]
PA0.GPIO_ModeDefaultEXTI=GPIO_MODE_EVT_RISING
PA0.Locked=true
PA0.Signal=GPXTI0
PA13.GPIOParameters=GPIO_Label
PA13.GPIO_Label=SWDIO
PA13.Locked=true
PA13.Mode=Serial_Wire
PA13.Signal=SYS_SWDIO
PA14.GPIOParameters=GPIO_Label
PA14.GPIO_Label=SWCLK
PA14.Locked=true
PA14.Mode=Serial_Wire
PA14.Signal=SYS_SWCLK
PB6.Mode=I2C
PB6.Signal=I2C1_SCL
PB7.Mode=I2C
PB7.Signal=I2C1_SDA
PC14-OSC32_IN.Mode=LSE-External-Oscillator
PC14-OSC32_IN.Signal=RCC_OSC32_IN
PC15-OSC32_OUT.Mode=LSE-External-Oscillator
PC15-OSC32_OUT.Signal=RCC_OSC32_OUT
PC8.GPIOParameters=GPIO_Label
PC8.GPIO_Label=LD4 [Blue Led]
PC8.Locked=true
PC8.Signal=GPIO_Output
PC9.GPIOParameters=GPIO_Label
PC9.GPIO_Label=LD3 [Green Led]
PC9.Locked=true
PC9.Signal=GPIO_Output
PF0-OSC_IN.Mode=HSE-External-Oscillator
PF0-OSC_IN.Signal=RCC_OSC_IN
PF1-OSC_OUT.Mode=HSE-External-Oscillator
PF1-OSC_OUT.Signal=RCC_OSC_OUT
PinOutPanel.RotationAngle=0
ProjectManager.AskForMigrate=true
ProjectManager.BackupPrevious=false
ProjectManager.CompilerOptimize=6
ProjectManager.ComputerToolchain=false
ProjectManager.CoupleFile=false
ProjectManager.CustomerFirmwarePackage=
ProjectManager.DefaultFWLocation=true
ProjectManager.DeletePrevious=true
ProjectManager.DeviceId=STM32F051R8Tx
ProjectManager.FirmwarePackage=STM32Cube FW_F0 V1.11.3
ProjectManager.FreePins=false
ProjectManager.HalAssertFull=false
ProjectManager.HeapSize=0x200
ProjectManager.KeepUserCode=true
ProjectManager.LastFirmware=true
ProjectManager.LibraryCopy=1
ProjectManager.MainLocation=Core/Src
ProjectManager.NoMain=false
ProjectManager.PreviousToolchain=
ProjectManager.ProjectBuild=false
ProjectManager.ProjectFileName=RTC-LCD.ioc
ProjectManager.ProjectName=RTC-LCD
ProjectManager.RegisterCallBack=
ProjectManager.StackSize=0x400
ProjectManager.TargetToolchain=STM32CubeIDE
ProjectManager.ToolChainLocation=
ProjectManager.UnderRoot=true
ProjectManager.functionlistsort=1-SystemClock_Config-RCC-false-HAL-false,2-MX_GPIO_Init-GPIO-false-HAL-true,3-MX_I2C1_Init-I2C1-false-HAL-true,4-MX_RTC_Init-RTC-false-HAL-true
RCC.AHBFreq_Value=0
RCC.APB1Freq_Value=0
RCC.APB1TimFreq_Value=0
RCC.CECFreq_Value=0
RCC.FCLKCortexFreq_Value=0
RCC.FLatency=FLASH_LATENCY_0
RCC.HCLKFreq_Value=0
RCC.I2SFreq_Value=0
RCC.IPParameters=AHBFreq_Value,APB1Freq_Value,APB1TimFreq_Value,CECFreq_Value,FCLKCortexFreq_Value,FLatency,HCLKFreq_Value,I2SFreq_Value,PLLMUL,RTCFreq_Value,SYSCLKSource,TimSysFreq_Value,USART1Freq_Value
RCC.PLLMUL=RCC_PLL_MUL12
RCC.RTCFreq_Value=40000
RCC.SYSCLKSource=RCC_SYSCLKSOURCE_PLLCLK
RCC.TimSysFreq_Value=0
RCC.USART1Freq_Value=0
RTC.Alarm-Alarm\ A=RTC_ALARM_A
RTC.AlarmDateWeekDay-Alarm\ A=9
RTC.Date=9
RTC.Format=RTC_FORMAT_BCD
RTC.Hours=0
RTC.Hours_A-Alarm\ A=0
RTC.IPParameters=Format,Hours,Minutes,Seconds,Year,Date,Alarm-Alarm A,Hours_A-Alarm A,Minutes_A-Alarm A,Seconds_A-Alarm A,AlarmDateWeekDay-Alarm A,SynchPrediv
RTC.Minutes=0
RTC.Minutes_A-Alarm\ A=0
RTC.Seconds=0
RTC.Seconds_A-Alarm\ A=10
RTC.SynchPrediv=310
RTC.Year=22
SH.GPXTI0.0=GPIO_EXTI0
SH.GPXTI0.ConfNb=1
VP_RTC_VS_RTC_Activate.Mode=RTC_Enabled
VP_RTC_VS_RTC_Activate.Signal=RTC_VS_RTC_Activate
VP_RTC_VS_RTC_Alarm_A_Intern.Mode=Alarm A
VP_RTC_VS_RTC_Alarm_A_Intern.Signal=RTC_VS_RTC_Alarm_A_Intern
VP_RTC_VS_RTC_Calendar.Mode=RTC_Calendar
VP_RTC_VS_RTC_Calendar.Signal=RTC_VS_RTC_Calendar
VP_SYS_VS_Systick.Mode=SysTick
VP_SYS_VS_Systick.Signal=SYS_VS_Systick
board=STM32F0DISCOVERY
boardIOC=true
isbadioc=false
